// !$*UTF8*$!
{
	archiveVersion = 1;
	classes = {
	};
	objectVersion = 56;
	objects = {

/* Begin PBXBuildFile section */
		83142D6E2C6C90DF00C7D430 /* LoginView.swift in Sources */ = {isa = PBXBuildFile; fileRef = 83142D6D2C6C90DF00C7D430 /* LoginView.swift */; };
		83142D702C6D1F6F00C7D430 /* WebView.swift in Sources */ = {isa = PBXBuildFile; fileRef = 83142D6F2C6D1F6F00C7D430 /* WebView.swift */; };
		8322F0D52C70BF43003E5D39 /* MainView.swift in Sources */ = {isa = PBXBuildFile; fileRef = 8322F0D42C70BF43003E5D39 /* MainView.swift */; };
		8322F0D72C70C5B7003E5D39 /* VideoView.swift in Sources */ = {isa = PBXBuildFile; fileRef = 8322F0D62C70C5B7003E5D39 /* VideoView.swift */; };
		8322F0D92C70C68A003E5D39 /* PhotoView.swift in Sources */ = {isa = PBXBuildFile; fileRef = 8322F0D82C70C68A003E5D39 /* PhotoView.swift */; };
		8382CFE42C7208E2000A1D64 /* PhotoCellView.swift in Sources */ = {isa = PBXBuildFile; fileRef = 8382CFE32C7208E2000A1D64 /* PhotoCellView.swift */; };
		83C7E7A42C6BB7D5009F304E /* MobileUpSwiftAppApp.swift in Sources */ = {isa = PBXBuildFile; fileRef = 83C7E7A32C6BB7D5009F304E /* MobileUpSwiftAppApp.swift */; };
		83C7E7A82C6BB7D5009F304E /* Assets.xcassets in Resources */ = {isa = PBXBuildFile; fileRef = 83C7E7A72C6BB7D5009F304E /* Assets.xcassets */; };
		83C7E7AB2C6BB7D5009F304E /* Preview Assets.xcassets in Resources */ = {isa = PBXBuildFile; fileRef = 83C7E7AA2C6BB7D5009F304E /* Preview Assets.xcassets */; };
		83C8538B2C6FDA4100A89DDE /* LoginViewModel.swift in Sources */ = {isa = PBXBuildFile; fileRef = 83C8538A2C6FDA4100A89DDE /* LoginViewModel.swift */; };
/* End PBXBuildFile section */

/* Begin PBXFileReference section */
		83142D6D2C6C90DF00C7D430 /* LoginView.swift */ = {isa = PBXFileReference; lastKnownFileType = sourcecode.swift; path = LoginView.swift; sourceTree = "<group>"; };
		83142D6F2C6D1F6F00C7D430 /* WebView.swift */ = {isa = PBXFileReference; lastKnownFileType = sourcecode.swift; path = WebView.swift; sourceTree = "<group>"; };
		8322F0D42C70BF43003E5D39 /* MainView.swift */ = {isa = PBXFileReference; lastKnownFileType = sourcecode.swift; path = MainView.swift; sourceTree = "<group>"; };
		8322F0D62C70C5B7003E5D39 /* VideoView.swift */ = {isa = PBXFileReference; lastKnownFileType = sourcecode.swift; path = VideoView.swift; sourceTree = "<group>"; };
		8322F0D82C70C68A003E5D39 /* PhotoView.swift */ = {isa = PBXFileReference; lastKnownFileType = sourcecode.swift; path = PhotoView.swift; sourceTree = "<group>"; };
		8382CFE32C7208E2000A1D64 /* PhotoCellView.swift */ = {isa = PBXFileReference; lastKnownFileType = sourcecode.swift; path = PhotoCellView.swift; sourceTree = "<group>"; };
		83C7E7A02C6BB7D5009F304E /* MobileUpSwiftApp.app */ = {isa = PBXFileReference; explicitFileType = wrapper.application; includeInIndex = 0; path = MobileUpSwiftApp.app; sourceTree = BUILT_PRODUCTS_DIR; };
		83C7E7A32C6BB7D5009F304E /* MobileUpSwiftAppApp.swift */ = {isa = PBXFileReference; lastKnownFileType = sourcecode.swift; path = MobileUpSwiftAppApp.swift; sourceTree = "<group>"; };
		83C7E7A72C6BB7D5009F304E /* Assets.xcassets */ = {isa = PBXFileReference; lastKnownFileType = folder.assetcatalog; path = Assets.xcassets; sourceTree = "<group>"; };
		83C7E7AA2C6BB7D5009F304E /* Preview Assets.xcassets */ = {isa = PBXFileReference; lastKnownFileType = folder.assetcatalog; path = "Preview Assets.xcassets"; sourceTree = "<group>"; };
		83C8538A2C6FDA4100A89DDE /* LoginViewModel.swift */ = {isa = PBXFileReference; lastKnownFileType = sourcecode.swift; path = LoginViewModel.swift; sourceTree = "<group>"; };
/* End PBXFileReference section */

/* Begin PBXFrameworksBuildPhase section */
		83C7E79D2C6BB7D4009F304E /* Frameworks */ = {
			isa = PBXFrameworksBuildPhase;
			buildActionMask = 2147483647;
			files = (
			);
			runOnlyForDeploymentPostprocessing = 0;
		};
/* End PBXFrameworksBuildPhase section */

/* Begin PBXGroup section */
		83142D6A2C6C906D00C7D430 /* View */ = {
			isa = PBXGroup;
			children = (
				83142D6D2C6C90DF00C7D430 /* LoginView.swift */,
				8322F0D42C70BF43003E5D39 /* MainView.swift */,
				8322F0D62C70C5B7003E5D39 /* VideoView.swift */,
				8322F0D82C70C68A003E5D39 /* PhotoView.swift */,
				8382CFE32C7208E2000A1D64 /* PhotoCellView.swift */,
			);
			path = View;
			sourceTree = "<group>";
		};
		83142D6B2C6C909C00C7D430 /* ViewModel */ = {
			isa = PBXGroup;
			children = (
				83142D6F2C6D1F6F00C7D430 /* WebView.swift */,
				83C8538A2C6FDA4100A89DDE /* LoginViewModel.swift */,
			);
			path = ViewModel;
			sourceTree = "<group>";
		};
		83142D6C2C6C90A700C7D430 /* Model */ = {
			isa = PBXGroup;
			children = (
			);
			path = Model;
			sourceTree = "<group>";
		};
		83C7E7972C6BB7D4009F304E = {
			isa = PBXGroup;
			children = (
				83C7E7A22C6BB7D5009F304E /* MobileUpSwiftApp */,
				83C7E7A12C6BB7D5009F304E /* Products */,
			);
			sourceTree = "<group>";
		};
		83C7E7A12C6BB7D5009F304E /* Products */ = {
			isa = PBXGroup;
			children = (
				83C7E7A02C6BB7D5009F304E /* MobileUpSwiftApp.app */,
			);
			name = Products;
			sourceTree = "<group>";
		};
		83C7E7A22C6BB7D5009F304E /* MobileUpSwiftApp */ = {
			isa = PBXGroup;
			children = (
				83142D6C2C6C90A700C7D430 /* Model */,
				83142D6B2C6C909C00C7D430 /* ViewModel */,
				83142D6A2C6C906D00C7D430 /* View */,
				83C7E7A32C6BB7D5009F304E /* MobileUpSwiftAppApp.swift */,
				83C7E7A72C6BB7D5009F304E /* Assets.xcassets */,
				83C7E7A92C6BB7D5009F304E /* Preview Content */,
			);
			path = MobileUpSwiftApp;
			sourceTree = "<group>";
		};
		83C7E7A92C6BB7D5009F304E /* Preview Content */ = {
			isa = PBXGroup;
			children = (
				83C7E7AA2C6BB7D5009F304E /* Preview Assets.xcassets */,
			);
			path = "Preview Content";
			sourceTree = "<group>";
		};
/* End PBXGroup section */

/* Begin PBXNativeTarget section */
		83C7E79F2C6BB7D4009F304E /* MobileUpSwiftApp */ = {
			isa = PBXNativeTarget;
			buildConfigurationList = 83C7E7AE2C6BB7D5009F304E /* Build configuration list for PBXNativeTarget "MobileUpSwiftApp" */;
			buildPhases = (
				83C7E79C2C6BB7D4009F304E /* Sources */,
				83C7E79D2C6BB7D4009F304E /* Frameworks */,
				83C7E79E2C6BB7D4009F304E /* Resources */,
			);
			buildRules = (
			);
			dependencies = (
			);
			name = MobileUpSwiftApp;
			packageProductDependencies = (
			);
			productName = MobileUpSwiftApp;
			productReference = 83C7E7A02C6BB7D5009F304E /* MobileUpSwiftApp.app */;
			productType = "com.apple.product-type.application";
		};
/* End PBXNativeTarget section */

/* Begin PBXProject section */
		83C7E7982C6BB7D4009F304E /* Project object */ = {
			isa = PBXProject;
			attributes = {
				BuildIndependentTargetsInParallel = 1;
				LastSwiftUpdateCheck = 1540;
				LastUpgradeCheck = 1540;
				TargetAttributes = {
					83C7E79F2C6BB7D4009F304E = {
						CreatedOnToolsVersion = 15.4;
					};
				};
			};
			buildConfigurationList = 83C7E79B2C6BB7D4009F304E /* Build configuration list for PBXProject "MobileUpSwiftApp" */;
			compatibilityVersion = "Xcode 14.0";
			developmentRegion = en;
			hasScannedForEncodings = 0;
			knownRegions = (
				en,
				Base,
			);
			mainGroup = 83C7E7972C6BB7D4009F304E;
			packageReferences = (
			);
			productRefGroup = 83C7E7A12C6BB7D5009F304E /* Products */;
			projectDirPath = "";
			projectRoot = "";
			targets = (
				83C7E79F2C6BB7D4009F304E /* MobileUpSwiftApp */,
			);
		};
/* End PBXProject section */

/* Begin PBXResourcesBuildPhase section */
		83C7E79E2C6BB7D4009F304E /* Resources */ = {
			isa = PBXResourcesBuildPhase;
			buildActionMask = 2147483647;
			files = (
				83C7E7AB2C6BB7D5009F304E /* Preview Assets.xcassets in Resources */,
				83C7E7A82C6BB7D5009F304E /* Assets.xcassets in Resources */,
			);
			runOnlyForDeploymentPostprocessing = 0;
		};
/* End PBXResourcesBuildPhase section */

/* Begin PBXSourcesBuildPhase section */
		83C7E79C2C6BB7D4009F304E /* Sources */ = {
			isa = PBXSourcesBuildPhase;
			buildActionMask = 2147483647;
			files = (
				8322F0D72C70C5B7003E5D39 /* VideoView.swift in Sources */,
				83142D6E2C6C90DF00C7D430 /* LoginView.swift in Sources */,
				8322F0D92C70C68A003E5D39 /* PhotoView.swift in Sources */,
				8382CFE42C7208E2000A1D64 /* PhotoCellView.swift in Sources */,
				83142D702C6D1F6F00C7D430 /* WebView.swift in Sources */,
				83C8538B2C6FDA4100A89DDE /* LoginViewModel.swift in Sources */,
				8322F0D52C70BF43003E5D39 /* MainView.swift in Sources */,
				83C7E7A42C6BB7D5009F304E /* MobileUpSwiftAppApp.swift in Sources */,
			);
			runOnlyForDeploymentPostprocessing = 0;
		};
/* End PBXSourcesBuildPhase section */

/* Begin XCBuildConfiguration section */
		83C7E7AC2C6BB7D5009F304E /* Debug */ = {
			isa = XCBuildConfiguration;
			buildSettings = {
				ALWAYS_SEARCH_USER_PATHS = NO;
				ASSETCATALOG_COMPILER_GENERATE_SWIFT_ASSET_SYMBOL_EXTENSIONS = YES;
				CLANG_ANALYZER_NONNULL = YES;
				CLANG_ANALYZER_NUMBER_OBJECT_CONVERSION = YES_AGGRESSIVE;
				CLANG_CXX_LANGUAGE_STANDARD = "gnu++20";
				CLANG_ENABLE_MODULES = YES;
				CLANG_ENABLE_OBJC_ARC = YES;
				CLANG_ENABLE_OBJC_WEAK = YES;
				CLANG_WARN_BLOCK_CAPTURE_AUTORELEASING = YES;
				CLANG_WARN_BOOL_CONVERSION = YES;
				CLANG_WARN_COMMA = YES;
				CLANG_WARN_CONSTANT_CONVERSION = YES;
				CLANG_WARN_DEPRECATED_OBJC_IMPLEMENTATIONS = YES;
				CLANG_WARN_DIRECT_OBJC_ISA_USAGE = YES_ERROR;
				CLANG_WARN_DOCUMENTATION_COMMENTS = YES;
				CLANG_WARN_EMPTY_BODY = YES;
				CLANG_WARN_ENUM_CONVERSION = YES;
				CLANG_WARN_INFINITE_RECURSION = YES;
				CLANG_WARN_INT_CONVERSION = YES;
				CLANG_WARN_NON_LITERAL_NULL_CONVERSION = YES;
				CLANG_WARN_OBJC_IMPLICIT_RETAIN_SELF = YES;
				CLANG_WARN_OBJC_LITERAL_CONVERSION = YES;
				CLANG_WARN_OBJC_ROOT_CLASS = YES_ERROR;
				CLANG_WARN_QUOTED_INCLUDE_IN_FRAMEWORK_HEADER = YES;
				CLANG_WARN_RANGE_LOOP_ANALYSIS = YES;
				CLANG_WARN_STRICT_PROTOTYPES = YES;
				CLANG_WARN_SUSPICIOUS_MOVE = YES;
				CLANG_WARN_UNGUARDED_AVAILABILITY = YES_AGGRESSIVE;
				CLANG_WARN_UNREACHABLE_CODE = YES;
				CLANG_WARN__DUPLICATE_METHOD_MATCH = YES;
				COPY_PHASE_STRIP = NO;
				DEBUG_INFORMATION_FORMAT = dwarf;
				ENABLE_STRICT_OBJC_MSGSEND = YES;
				ENABLE_TESTABILITY = YES;
				ENABLE_USER_SCRIPT_SANDBOXING = YES;
				GCC_C_LANGUAGE_STANDARD = gnu17;
				GCC_DYNAMIC_NO_PIC = NO;
				GCC_NO_COMMON_BLOCKS = YES;
				GCC_OPTIMIZATION_LEVEL = 0;
				GCC_PREPROCESSOR_DEFINITIONS = (
					"DEBUG=1",
					"$(inherited)",
				);
				GCC_WARN_64_TO_32_BIT_CONVERSION = YES;
				GCC_WARN_ABOUT_RETURN_TYPE = YES_ERROR;
				GCC_WARN_UNDECLARED_SELECTOR = YES;
				GCC_WARN_UNINITIALIZED_AUTOS = YES_AGGRESSIVE;
				GCC_WARN_UNUSED_FUNCTION = YES;
				GCC_WARN_UNUSED_VARIABLE = YES;
				IPHONEOS_DEPLOYMENT_TARGET = 17.5;
				LOCALIZATION_PREFERS_STRING_CATALOGS = YES;
				MTL_ENABLE_DEBUG_INFO = INCLUDE_SOURCE;
				MTL_FAST_MATH = YES;
				ONLY_ACTIVE_ARCH = YES;
				SDKROOT = iphoneos;
				SWIFT_ACTIVE_COMPILATION_CONDITIONS = "DEBUG $(inherited)";
				SWIFT_OPTIMIZATION_LEVEL = "-Onone";
			};
			name = Debug;
		};
		83C7E7AD2C6BB7D5009F304E /* Release */ = {
			isa = XCBuildConfiguration;
			buildSettings = {
				ALWAYS_SEARCH_USER_PATHS = NO;
				ASSETCATALOG_COMPILER_GENERATE_SWIFT_ASSET_SYMBOL_EXTENSIONS = YES;
				CLANG_ANALYZER_NONNULL = YES;
				CLANG_ANALYZER_NUMBER_OBJECT_CONVERSION = YES_AGGRESSIVE;
				CLANG_CXX_LANGUAGE_STANDARD = "gnu++20";
				CLANG_ENABLE_MODULES = YES;
				CLANG_ENABLE_OBJC_ARC = YES;
				CLANG_ENABLE_OBJC_WEAK = YES;
				CLANG_WARN_BLOCK_CAPTURE_AUTORELEASING = YES;
				CLANG_WARN_BOOL_CONVERSION = YES;
				CLANG_WARN_COMMA = YES;
				CLANG_WARN_CONSTANT_CONVERSION = YES;
				CLANG_WARN_DEPRECATED_OBJC_IMPLEMENTATIONS = YES;
				CLANG_WARN_DIRECT_OBJC_ISA_USAGE = YES_ERROR;
				CLANG_WARN_DOCUMENTATION_COMMENTS = YES;
				CLANG_WARN_EMPTY_BODY = YES;
				CLANG_WARN_ENUM_CONVERSION = YES;
				CLANG_WARN_INFINITE_RECURSION = YES;
				CLANG_WARN_INT_CONVERSION = YES;
				CLANG_WARN_NON_LITERAL_NULL_CONVERSION = YES;
				CLANG_WARN_OBJC_IMPLICIT_RETAIN_SELF = YES;
				CLANG_WARN_OBJC_LITERAL_CONVERSION = YES;
				CLANG_WARN_OBJC_ROOT_CLASS = YES_ERROR;
				CLANG_WARN_QUOTED_INCLUDE_IN_FRAMEWORK_HEADER = YES;
				CLANG_WARN_RANGE_LOOP_ANALYSIS = YES;
				CLANG_WARN_STRICT_PROTOTYPES = YES;
				CLANG_WARN_SUSPICIOUS_MOVE = YES;
				CLANG_WARN_UNGUARDED_AVAILABILITY = YES_AGGRESSIVE;
				CLANG_WARN_UNREACHABLE_CODE = YES;
				CLANG_WARN__DUPLICATE_METHOD_MATCH = YES;
				COPY_PHASE_STRIP = NO;
				DEBUG_INFORMATION_FORMAT = "dwarf-with-dsym";
				ENABLE_NS_ASSERTIONS = NO;
				ENABLE_STRICT_OBJC_MSGSEND = YES;
				ENABLE_USER_SCRIPT_SANDBOXING = YES;
				GCC_C_LANGUAGE_STANDARD = gnu17;
				GCC_NO_COMMON_BLOCKS = YES;
				GCC_WARN_64_TO_32_BIT_CONVERSION = YES;
				GCC_WARN_ABOUT_RETURN_TYPE = YES_ERROR;
				GCC_WARN_UNDECLARED_SELECTOR = YES;
				GCC_WARN_UNINITIALIZED_AUTOS = YES_AGGRESSIVE;
				GCC_WARN_UNUSED_FUNCTION = YES;
				GCC_WARN_UNUSED_VARIABLE = YES;
				IPHONEOS_DEPLOYMENT_TARGET = 17.5;
				LOCALIZATION_PREFERS_STRING_CATALOGS = YES;
				MTL_ENABLE_DEBUG_INFO = NO;
				MTL_FAST_MATH = YES;
				SDKROOT = iphoneos;
				SWIFT_COMPILATION_MODE = wholemodule;
				VALIDATE_PRODUCT = YES;
			};
			name = Release;
		};
		83C7E7AF2C6BB7D5009F304E /* Debug */ = {
			isa = XCBuildConfiguration;
			buildSettings = {
				ASSETCATALOG_COMPILER_APPICON_NAME = AppIcon;
				ASSETCATALOG_COMPILER_GLOBAL_ACCENT_COLOR_NAME = AccentColor;
				CODE_SIGN_STYLE = Automatic;
				CURRENT_PROJECT_VERSION = 1;
				DEVELOPMENT_ASSET_PATHS = "\"MobileUpSwiftApp/Preview Content\"";
				DEVELOPMENT_TEAM = 27326BAF37;
				ENABLE_PREVIEWS = YES;
				GENERATE_INFOPLIST_FILE = YES;
				INFOPLIST_KEY_UIApplicationSceneManifest_Generation = YES;
				INFOPLIST_KEY_UIApplicationSupportsIndirectInputEvents = YES;
				INFOPLIST_KEY_UILaunchScreen_Generation = YES;
				INFOPLIST_KEY_UISupportedInterfaceOrientations_iPad = "UIInterfaceOrientationPortrait UIInterfaceOrientationPortraitUpsideDown UIInterfaceOrientationLandscapeLeft UIInterfaceOrientationLandscapeRight";
				INFOPLIST_KEY_UISupportedInterfaceOrientations_iPhone = "UIInterfaceOrientationPortrait UIInterfaceOrientationLandscapeLeft UIInterfaceOrientationLandscapeRight";
				IPHONEOS_DEPLOYMENT_TARGET = 15.0;
				LD_RUNPATH_SEARCH_PATHS = (
					"$(inherited)",
					"@executable_path/Frameworks",
				);
				MARKETING_VERSION = 1.0;
				PRODUCT_BUNDLE_IDENTIFIER = com.personal.MobileUpSwiftApp;
				PRODUCT_NAME = "$(TARGET_NAME)";
				SWIFT_EMIT_LOC_STRINGS = YES;
				SWIFT_VERSION = 5.0;
				TARGETED_DEVICE_FAMILY = "1,2";
			};
			name = Debug;
		};
		83C7E7B02C6BB7D5009F304E /* Release */ = {
			isa = XCBuildConfiguration;
			buildSettings = {
				ASSETCATALOG_COMPILER_APPICON_NAME = AppIcon;
				ASSETCATALOG_COMPILER_GLOBAL_ACCENT_COLOR_NAME = AccentColor;
				CODE_SIGN_STYLE = Automatic;
				CURRENT_PROJECT_VERSION = 1;
				DEVELOPMENT_ASSET_PATHS = "\"MobileUpSwiftApp/Preview Content\"";
				DEVELOPMENT_TEAM = 27326BAF37;
				ENABLE_PREVIEWS = YES;
				GENERATE_INFOPLIST_FILE = YES;
				INFOPLIST_KEY_UIApplicationSceneManifest_Generation = YES;
				INFOPLIST_KEY_UIApplicationSupportsIndirectInputEvents = YES;
				INFOPLIST_KEY_UILaunchScreen_Generation = YES;
				INFOPLIST_KEY_UISupportedInterfaceOrientations_iPad = "UIInterfaceOrientationPortrait UIInterfaceOrientationPortraitUpsideDown UIInterfaceOrientationLandscapeLeft UIInterfaceOrientationLandscapeRight";
				INFOPLIST_KEY_UISupportedInterfaceOrientations_iPhone = "UIInterfaceOrientationPortrait UIInterfaceOrientationLandscapeLeft UIInterfaceOrientationLandscapeRight";
				IPHONEOS_DEPLOYMENT_TARGET = 15.0;
				LD_RUNPATH_SEARCH_PATHS = (
					"$(inherited)",
					"@executable_path/Frameworks",
				);
				MARKETING_VERSION = 1.0;
				PRODUCT_BUNDLE_IDENTIFIER = com.personal.MobileUpSwiftApp;
				PRODUCT_NAME = "$(TARGET_NAME)";
				SWIFT_EMIT_LOC_STRINGS = YES;
				SWIFT_VERSION = 5.0;
				TARGETED_DEVICE_FAMILY = "1,2";
			};
			name = Release;
		};
/* End XCBuildConfiguration section */

/* Begin XCConfigurationList section */
		83C7E79B2C6BB7D4009F304E /* Build configuration list for PBXProject "MobileUpSwiftApp" */ = {
			isa = XCConfigurationList;
			buildConfigurations = (
				83C7E7AC2C6BB7D5009F304E /* Debug */,
				83C7E7AD2C6BB7D5009F304E /* Release */,
			);
			defaultConfigurationIsVisible = 0;
			defaultConfigurationName = Release;
		};
		83C7E7AE2C6BB7D5009F304E /* Build configuration list for PBXNativeTarget "MobileUpSwiftApp" */ = {
			isa = XCConfigurationList;
			buildConfigurations = (
				83C7E7AF2C6BB7D5009F304E /* Debug */,
				83C7E7B02C6BB7D5009F304E /* Release */,
			);
			defaultConfigurationIsVisible = 0;
			defaultConfigurationName = Release;
		};
/* End XCConfigurationList section */
	};
	rootObject = 83C7E7982C6BB7D4009F304E /* Project object */;
}
